
Microsoft Visual Studio Solution File, Format Version 12.00
# Visual Studio Version 17
VisualStudioVersion = 17.9.34728.123
MinimumVisualStudioVersion = 10.0.40219.1
Project("{FAE04EC0-301F-11D3-BF4B-00C04F79EFBC}") = "MayorYMenor", "MayorYMenor\MayorYMenor.csproj", "{8180C2EC-3DEA-4BBE-9857-8F9CDD6570EE}"
EndProject
Global
	GlobalSection(SolutionConfigurationPlatforms) = preSolution
		Debug|Any CPU = Debug|Any CPU
		Release|Any CPU = Release|Any CPU
	EndGlobalSection
	GlobalSection(ProjectConfigurationPlatforms) = postSolution
		{8180C2EC-3DEA-4BBE-9857-8F9CDD6570EE}.Debug|Any CPU.ActiveCfg = Debug|Any CPU
		{8180C2EC-3DEA-4BBE-9857-8F9CDD6570EE}.Debug|Any CPU.Build.0 = Debug|Any CPU
		{8180C2EC-3DEA-4BBE-9857-8F9CDD6570EE}.Release|Any CPU.ActiveCfg = Release|Any CPU
		{8180C2EC-3DEA-4BBE-9857-8F9CDD6570EE}.Release|Any CPU.Build.0 = Release|Any CPU
	EndGlobalSection
	GlobalSection(SolutionProperties) = preSolution
		HideSolutionNode = FALSE
	EndGlobalSection
	GlobalSection(ExtensibilityGlobals) = postSolution
		SolutionGuid = {D3DA60D3-9326-4356-9587-FD28271CDF24}
	EndGlobalSection
EndGlobal
